{
  "lockfileVersion": 1,
  "configVersion": 1,
  "workspaces": {
    "": {
      "name": "vibe",
      "dependencies": {
        "@vibe/runtime": "workspace:*",
      },
      "devDependencies": {
        "@tsconfig/bun": "^1.0.10",
        "@types/bun": "latest",
      },
    },
    "packages/cli": {
      "name": "@vibe/cli",
      "version": "0.0.0",
      "dependencies": {
        "@vibe/codegen": "workspace:*",
        "@vibe/interpreter": "workspace:*",
        "@vibe/lexer": "workspace:*",
        "@vibe/parser": "workspace:*",
        "@vibe/semantics": "workspace:*",
        "@vibe/syntax": "workspace:*",
        "sade": "^1.8.1",
      },
      "devDependencies": {
        "@types/bun": "latest",
      },
    },
    "packages/codegen": {
      "name": "@vibe/codegen",
      "version": "0.0.0",
      "dependencies": {
        "@vibe/parser": "workspace:*",
        "@vibe/runtime": "workspace:*",
        "@vibe/semantics": "workspace:*",
        "@vibe/syntax": "workspace:*",
      },
      "devDependencies": {
        "@types/bun": "latest",
        "@vibe/parser": "workspace:*",
      },
    },
    "packages/example-app": {
      "name": "@vibe/example-app",
      "version": "0.1.0",
    },
    "packages/interpreter": {
      "name": "@vibe/interpreter",
      "version": "0.1.0",
      "dependencies": {
        "@vibe/runtime": "workspace:*",
        "@vibe/syntax": "workspace:*",
      },
      "devDependencies": {
        "@types/bun": "latest",
      },
    },
    "packages/lexer": {
      "name": "@vibe/lexer",
      "version": "0.0.0",
      "dependencies": {
        "@vibe/syntax": "workspace:*",
      },
      "devDependencies": {
        "@types/bun": "latest",
      },
    },
    "packages/parser": {
      "name": "@vibe/parser",
      "version": "0.0.0",
      "dependencies": {
        "@vibe/lexer": "workspace:*",
        "@vibe/syntax": "workspace:*",
      },
      "devDependencies": {
        "@types/bun": "latest",
      },
    },
    "packages/runtime": {
      "name": "@vibe/runtime",
      "version": "0.0.0",
    },
    "packages/semantics": {
      "name": "@vibe/semantics",
      "version": "0.0.0",
      "dependencies": {
        "@vibe/interpreter": "workspace:*",
        "@vibe/syntax": "workspace:*",
      },
      "devDependencies": {
        "@types/bun": "latest",
        "@vibe/parser": "workspace:*",
      },
    },
    "packages/syntax": {
      "name": "@vibe/syntax",
      "version": "0.0.0",
      "devDependencies": {
        "@types/bun": "latest",
      },
    },
  },
  "packages": {
    "@tsconfig/bun": ["@tsconfig/bun@1.0.10", "", {}, "sha512-5AV5YknQjNyoYzZ/8NG0dawqew/wH+x7ANiCfCIn29qo0cdbd1EryvFD1k5NSZWLBMOI/fGqMIaxi58GPIP9Cg=="],

    "@types/bun": ["@types/bun@1.3.5", "", { "dependencies": { "bun-types": "1.3.5" } }, "sha512-RnygCqNrd3srIPEWBd5LFeUYG7plCoH2Yw9WaZGyNmdTEei+gWaHqydbaIRkIkcbXwhBT94q78QljxN0Sk838w=="],

    "@types/node": ["@types/node@25.0.3", "", { "dependencies": { "undici-types": "~7.16.0" } }, "sha512-W609buLVRVmeW693xKfzHeIV6nJGGz98uCPfeXI1ELMLXVeKYZ9m15fAMSaUPBHYLGFsVRcMmSCksQOrZV9BYA=="],

    "@vibe/cli": ["@vibe/cli@workspace:packages/cli"],

    "@vibe/codegen": ["@vibe/codegen@workspace:packages/codegen"],

    "@vibe/example-app": ["@vibe/example-app@workspace:packages/example-app"],

    "@vibe/interpreter": ["@vibe/interpreter@workspace:packages/interpreter"],

    "@vibe/lexer": ["@vibe/lexer@workspace:packages/lexer"],

    "@vibe/parser": ["@vibe/parser@workspace:packages/parser"],

    "@vibe/runtime": ["@vibe/runtime@workspace:packages/runtime"],

    "@vibe/semantics": ["@vibe/semantics@workspace:packages/semantics"],

    "@vibe/syntax": ["@vibe/syntax@workspace:packages/syntax"],

    "bun-types": ["bun-types@1.3.5", "", { "dependencies": { "@types/node": "*" } }, "sha512-inmAYe2PFLs0SUbFOWSVD24sg1jFlMPxOjOSSCYqUgn4Hsc3rDc7dFvfVYjFPNHtov6kgUeulV4SxbuIV/stPw=="],

    "mri": ["mri@1.2.0", "", {}, "sha512-tzzskb3bG8LvYGFF/mDTpq3jpI6Q9wc3LEmBaghu+DdCssd1FakN7Bc0hVNmEyGq1bq3RgfkCb3cmQLpNPOroA=="],

    "sade": ["sade@1.8.1", "", { "dependencies": { "mri": "^1.1.0" } }, "sha512-xal3CZX1Xlo/k4ApwCFrHVACi9fBqJ7V+mwhBsuf/1IOKbBy098Fex+Wa/5QMubw09pSZ/u8EY8PWgevJsXp1A=="],

    "undici-types": ["undici-types@7.16.0", "", {}, "sha512-Zz+aZWSj8LE6zoxD+xrjh4VfkIG8Ya6LvYkZqtUQGJPZjYl53ypCaUwWqo7eI0x66KBGeRo+mlBEkMSeSZ38Nw=="],
  }
}
